
Microsoft Visual Studio Solution File, Format Version 12.00
# Visual Studio Version 17
VisualStudioVersion = 17.5.002.0
MinimumVisualStudioVersion = 10.0.40219.1
Project("{9A19103F-16F7-4668-BE54-9A1E7A4F7556}") = "ExampleApi", "ExampleApi.csproj", "{25A9FB42-7CA3-4D2F-B7AA-E29CB0F0F89D}"
EndProject
Global
	GlobalSection(SolutionConfigurationPlatforms) = preSolution
		Debug|Any CPU = Debug|Any CPU
		Release|Any CPU = Release|Any CPU
	EndGlobalSection
	GlobalSection(ProjectConfigurationPlatforms) = postSolution
		{25A9FB42-7CA3-4D2F-B7AA-E29CB0F0F89D}.Debug|Any CPU.ActiveCfg = Debug|Any CPU
		{25A9FB42-7CA3-4D2F-B7AA-E29CB0F0F89D}.Debug|Any CPU.Build.0 = Debug|Any CPU
		{25A9FB42-7CA3-4D2F-B7AA-E29CB0F0F89D}.Release|Any CPU.ActiveCfg = Release|Any CPU
		{25A9FB42-7CA3-4D2F-B7AA-E29CB0F0F89D}.Release|Any CPU.Build.0 = Release|Any CPU
	EndGlobalSection
	GlobalSection(SolutionProperties) = preSolution
		HideSolutionNode = FALSE
	EndGlobalSection
	GlobalSection(ExtensibilityGlobals) = postSolution
		SolutionGuid = {090EE64D-4ABC-42CA-86E5-51D02D0411C4}
	EndGlobalSection
EndGlobal
